
Microsoft Visual Studio Solution File, Format Version 12.00
# Visual Studio Version 16
VisualStudioVersion = 16.0.30114.105
MinimumVisualStudioVersion = 10.0.40219.1
Project("{FAE04EC0-301F-11D3-BF4B-00C04F79EFBC}") = "BattleshipsLib", "BattleshipsLib\BattleshipsLib.csproj", "{7DDCE576-DB78-40E5-9032-16B7F8D34C33}"
EndProject
Project("{FAE04EC0-301F-11D3-BF4B-00C04F79EFBC}") = "BattleshipsUI", "BattleshipsUI\BattleshipsUI.csproj", "{122D7F95-3C47-4D8E-8751-18311B371BB5}"
EndProject
Global
	GlobalSection(SolutionConfigurationPlatforms) = preSolution
		Debug|Any CPU = Debug|Any CPU
		Release|Any CPU = Release|Any CPU
	EndGlobalSection
	GlobalSection(SolutionProperties) = preSolution
		HideSolutionNode = FALSE
	EndGlobalSection
	GlobalSection(ProjectConfigurationPlatforms) = postSolution
		{7DDCE576-DB78-40E5-9032-16B7F8D34C33}.Debug|Any CPU.ActiveCfg = Debug|Any CPU
		{7DDCE576-DB78-40E5-9032-16B7F8D34C33}.Debug|Any CPU.Build.0 = Debug|Any CPU
		{7DDCE576-DB78-40E5-9032-16B7F8D34C33}.Release|Any CPU.ActiveCfg = Release|Any CPU
		{7DDCE576-DB78-40E5-9032-16B7F8D34C33}.Release|Any CPU.Build.0 = Release|Any CPU
		{122D7F95-3C47-4D8E-8751-18311B371BB5}.Debug|Any CPU.ActiveCfg = Debug|Any CPU
		{122D7F95-3C47-4D8E-8751-18311B371BB5}.Debug|Any CPU.Build.0 = Debug|Any CPU
		{122D7F95-3C47-4D8E-8751-18311B371BB5}.Release|Any CPU.ActiveCfg = Release|Any CPU
		{122D7F95-3C47-4D8E-8751-18311B371BB5}.Release|Any CPU.Build.0 = Release|Any CPU
	EndGlobalSection
EndGlobal
